
Microsoft Visual Studio Solution File, Format Version 12.00
# Visual Studio Version 17
VisualStudioVersion = 17.4.32804.182
MinimumVisualStudioVersion = 10.0.40219.1
Project("{9A19103F-16F7-4668-BE54-9A1E7A4F7556}") = "DesktopS3_UI", "DesktopS3_UI\DesktopS3_UI.csproj", "{1B5A1180-1D74-41DD-B7B1-0FDBA84A519B}"
EndProject
Project("{9A19103F-16F7-4668-BE54-9A1E7A4F7556}") = "DesktopS3_Helper", "DesktopS3_Helper\DesktopS3_Helper.csproj", "{E5B1EC1F-D36A-4DA5-BAF9-611DC31440E5}"
EndProject
Project("{9A19103F-16F7-4668-BE54-9A1E7A4F7556}") = "DesktopS3_Models", "DesktopS3_Models\DesktopS3_Models.csproj", "{6AC5FBD2-E10C-4DB8-B84A-D9648940F8D4}"
EndProject
Project("{FAE04EC0-301F-11D3-BF4B-00C04F79EFBC}") = "DesktopS3_BLL", "DesktopS3_BLL\DesktopS3_BLL.csproj", "{63CEA4C9-3D03-4B6B-9D57-5E2F4324DE8E}"
EndProject
Project("{FAE04EC0-301F-11D3-BF4B-00C04F79EFBC}") = "DesktopS3_DAL", "DesktopS3_DAL\DesktopS3_DAL.csproj", "{4E97B1D3-FDA9-4951-9DAB-94C6A9C74091}"
EndProject
Global
	GlobalSection(SolutionConfigurationPlatforms) = preSolution
		Debug|Any CPU = Debug|Any CPU
		Release|Any CPU = Release|Any CPU
	EndGlobalSection
	GlobalSection(ProjectConfigurationPlatforms) = postSolution
		{1B5A1180-1D74-41DD-B7B1-0FDBA84A519B}.Debug|Any CPU.ActiveCfg = Debug|Any CPU
		{1B5A1180-1D74-41DD-B7B1-0FDBA84A519B}.Debug|Any CPU.Build.0 = Debug|Any CPU
		{1B5A1180-1D74-41DD-B7B1-0FDBA84A519B}.Release|Any CPU.ActiveCfg = Release|Any CPU
		{1B5A1180-1D74-41DD-B7B1-0FDBA84A519B}.Release|Any CPU.Build.0 = Release|Any CPU
		{E5B1EC1F-D36A-4DA5-BAF9-611DC31440E5}.Debug|Any CPU.ActiveCfg = Debug|Any CPU
		{E5B1EC1F-D36A-4DA5-BAF9-611DC31440E5}.Debug|Any CPU.Build.0 = Debug|Any CPU
		{E5B1EC1F-D36A-4DA5-BAF9-611DC31440E5}.Release|Any CPU.ActiveCfg = Release|Any CPU
		{E5B1EC1F-D36A-4DA5-BAF9-611DC31440E5}.Release|Any CPU.Build.0 = Release|Any CPU
		{6AC5FBD2-E10C-4DB8-B84A-D9648940F8D4}.Debug|Any CPU.ActiveCfg = Debug|Any CPU
		{6AC5FBD2-E10C-4DB8-B84A-D9648940F8D4}.Debug|Any CPU.Build.0 = Debug|Any CPU
		{6AC5FBD2-E10C-4DB8-B84A-D9648940F8D4}.Release|Any CPU.ActiveCfg = Release|Any CPU
		{6AC5FBD2-E10C-4DB8-B84A-D9648940F8D4}.Release|Any CPU.Build.0 = Release|Any CPU
		{63CEA4C9-3D03-4B6B-9D57-5E2F4324DE8E}.Debug|Any CPU.ActiveCfg = Debug|Any CPU
		{63CEA4C9-3D03-4B6B-9D57-5E2F4324DE8E}.Debug|Any CPU.Build.0 = Debug|Any CPU
		{63CEA4C9-3D03-4B6B-9D57-5E2F4324DE8E}.Release|Any CPU.ActiveCfg = Release|Any CPU
		{63CEA4C9-3D03-4B6B-9D57-5E2F4324DE8E}.Release|Any CPU.Build.0 = Release|Any CPU
		{4E97B1D3-FDA9-4951-9DAB-94C6A9C74091}.Debug|Any CPU.ActiveCfg = Debug|Any CPU
		{4E97B1D3-FDA9-4951-9DAB-94C6A9C74091}.Debug|Any CPU.Build.0 = Debug|Any CPU
		{4E97B1D3-FDA9-4951-9DAB-94C6A9C74091}.Release|Any CPU.ActiveCfg = Release|Any CPU
		{4E97B1D3-FDA9-4951-9DAB-94C6A9C74091}.Release|Any CPU.Build.0 = Release|Any CPU
	EndGlobalSection
	GlobalSection(SolutionProperties) = preSolution
		HideSolutionNode = FALSE
	EndGlobalSection
	GlobalSection(ExtensibilityGlobals) = postSolution
		SolutionGuid = {F2E57526-7D63-4FDB-9E01-24C5CB2243DF}
	EndGlobalSection
EndGlobal
